# This file was autogenerated by Stack.
# You should not edit this file by hand.
# For more information, please see the documentation at:
#   https://docs.haskellstack.org/en/stable/lock_files

packages:
- completed:
    hackage: random-string-0.1.0.1@sha256:3f7722e2ab1448977a895f9df3f95e0dc784d34d9cdc240249a8072d4a9516f5,1127
    pantry-tree:
      size: 275
      sha256: 3af5c59bfceca3c05c22ca280cf35f709deb28dd4dbc62d264329757f5e83816
  original:
    hackage: random-string-0.1.0.1
- completed:
    hackage: base58-bytestring-0.1.0@sha256:a1da72ee89d5450bac1c792d9fcbe95ed7154ab7246f2172b57bd4fd9b5eab79,1913
    pantry-tree:
      size: 419
      sha256: 053784f8edef6433518c873a7c502dc75348f812e2384e1306f90467ea54f40b
  original:
    hackage: base58-bytestring-0.1.0
- completed:
    cabal-file:
      size: 1281
      sha256: 5e6e97cd2e575ff4e13ba4b8a8250ceae20f651365321d31ae4d563f6a2457da
    name: system-extra
    version: 0.1.0
    git: https://github.com/ababkin/system-extra.git
    pantry-tree:
      size: 692
      sha256: 7495654a023992c44bdd85d29b038e935e93d1fbc2b5c0b1b325f21e8e51de93
    commit: 8f3f93d5172744a8dedde57693c2b5d3c15f745c
  original:
    git: https://github.com/ababkin/system-extra.git
    commit: 8f3f93d5172744a8dedde57693c2b5d3c15f745c
snapshots:
- completed:
    size: 532381
    url: https://raw.githubusercontent.com/commercialhaskell/stackage-snapshots/master/lts/16/13.yaml
    sha256: 6ee17f7996e5bc75ae4406250841f1362ad4196418a4d90a0615ff4f26ac98df
  original: lts-16.13
